// !$*UTF8*$!
{
	archiveVersion = 1;
	classes = {
	};
	objectVersion = 56;
	objects = {

/* Begin PBXBuildFile section */
		C11EBB1A2986F9CB00C45AE8 /* menu.swift in Sources */ = {isa = PBXBuildFile; fileRef = C11EBB192986F9CB00C45AE8 /* menu.swift */; };
		C145C3A92985C318000FC441 /* sinkShipApp.swift in Sources */ = {isa = PBXBuildFile; fileRef = C145C3A82985C318000FC441 /* sinkShipApp.swift */; };
		C145C3AB2985C318000FC441 /* ContentView.swift in Sources */ = {isa = PBXBuildFile; fileRef = C145C3AA2985C318000FC441 /* ContentView.swift */; };
		C145C3AD2985C31A000FC441 /* Assets.xcassets in Resources */ = {isa = PBXBuildFile; fileRef = C145C3AC2985C31A000FC441 /* Assets.xcassets */; };
		C145C3B02985C31A000FC441 /* Preview Assets.xcassets in Resources */ = {isa = PBXBuildFile; fileRef = C145C3AF2985C31A000FC441 /* Preview Assets.xcassets */; };
		C145C3BA2985C31A000FC441 /* sinkShipTests.swift in Sources */ = {isa = PBXBuildFile; fileRef = C145C3B92985C31A000FC441 /* sinkShipTests.swift */; };
		C145C3C42985C31A000FC441 /* sinkShipUITests.swift in Sources */ = {isa = PBXBuildFile; fileRef = C145C3C32985C31A000FC441 /* sinkShipUITests.swift */; };
		C145C3C62985C31A000FC441 /* sinkShipUITestsLaunchTests.swift in Sources */ = {isa = PBXBuildFile; fileRef = C145C3C52985C31A000FC441 /* sinkShipUITestsLaunchTests.swift */; };
		C179CEB02988372C005E1EAC /* playComputer.swift in Sources */ = {isa = PBXBuildFile; fileRef = C179CEAF2988372C005E1EAC /* playComputer.swift */; };
		C179CEB3298D566F005E1EAC /* FirebaseAuth in Frameworks */ = {isa = PBXBuildFile; productRef = C179CEB2298D566F005E1EAC /* FirebaseAuth */; };
		C179CEB5298D566F005E1EAC /* FirebaseFirestore in Frameworks */ = {isa = PBXBuildFile; productRef = C179CEB4298D566F005E1EAC /* FirebaseFirestore */; };
		C179CEB7298D5E26005E1EAC /* GoogleService-Info.plist in Resources */ = {isa = PBXBuildFile; fileRef = C179CEB6298D5E25005E1EAC /* GoogleService-Info.plist */; };
		C179CEBB2992A642005E1EAC /* ListView.swift in Sources */ = {isa = PBXBuildFile; fileRef = C179CEBA2992A642005E1EAC /* ListView.swift */; };
		C179CEBD2992A6A3005E1EAC /* Dog.swift in Sources */ = {isa = PBXBuildFile; fileRef = C179CEBC2992A6A3005E1EAC /* Dog.swift */; };
		C179CEBF2992A78F005E1EAC /* DataManager.swift in Sources */ = {isa = PBXBuildFile; fileRef = C179CEBE2992A78F005E1EAC /* DataManager.swift */; };
		C179CEC12992CB42005E1EAC /* NewDogView.swift in Sources */ = {isa = PBXBuildFile; fileRef = C179CEC02992CB41005E1EAC /* NewDogView.swift */; };
		C179CEC3299BC822005E1EAC /* Stats.swift in Sources */ = {isa = PBXBuildFile; fileRef = C179CEC2299BC822005E1EAC /* Stats.swift */; };
		C179CEC529A292D3005E1EAC /* profile.swift in Sources */ = {isa = PBXBuildFile; fileRef = C179CEC429A292D3005E1EAC /* profile.swift */; };
/* End PBXBuildFile section */

/* Begin PBXContainerItemProxy section */
		C145C3B62985C31A000FC441 /* PBXContainerItemProxy */ = {
			isa = PBXContainerItemProxy;
			containerPortal = C145C39D2985C318000FC441 /* Project object */;
			proxyType = 1;
			remoteGlobalIDString = C145C3A42985C318000FC441;
			remoteInfo = sinkShip;
		};
		C145C3C02985C31A000FC441 /* PBXContainerItemProxy */ = {
			isa = PBXContainerItemProxy;
			containerPortal = C145C39D2985C318000FC441 /* Project object */;
			proxyType = 1;
			remoteGlobalIDString = C145C3A42985C318000FC441;
			remoteInfo = sinkShip;
		};
/* End PBXContainerItemProxy section */

/* Begin PBXFileReference section */
		C11EBB192986F9CB00C45AE8 /* menu.swift */ = {isa = PBXFileReference; lastKnownFileType = sourcecode.swift; path = menu.swift; sourceTree = "<group>"; };
		C145C3A52985C318000FC441 /* sinkShip.app */ = {isa = PBXFileReference; explicitFileType = wrapper.application; includeInIndex = 0; path = sinkShip.app; sourceTree = BUILT_PRODUCTS_DIR; };
		C145C3A82985C318000FC441 /* sinkShipApp.swift */ = {isa = PBXFileReference; lastKnownFileType = sourcecode.swift; path = sinkShipApp.swift; sourceTree = "<group>"; };
		C145C3AA2985C318000FC441 /* ContentView.swift */ = {isa = PBXFileReference; lastKnownFileType = sourcecode.swift; path = ContentView.swift; sourceTree = "<group>"; };
		C145C3AC2985C31A000FC441 /* Assets.xcassets */ = {isa = PBXFileReference; lastKnownFileType = folder.assetcatalog; path = Assets.xcassets; sourceTree = "<group>"; };
		C145C3AF2985C31A000FC441 /* Preview Assets.xcassets */ = {isa = PBXFileReference; lastKnownFileType = folder.assetcatalog; path = "Preview Assets.xcassets"; sourceTree = "<group>"; };
		C145C3B52985C31A000FC441 /* sinkShipTests.xctest */ = {isa = PBXFileReference; explicitFileType = wrapper.cfbundle; includeInIndex = 0; path = sinkShipTests.xctest; sourceTree = BUILT_PRODUCTS_DIR; };
		C145C3B92985C31A000FC441 /* sinkShipTests.swift */ = {isa = PBXFileReference; lastKnownFileType = sourcecode.swift; path = sinkShipTests.swift; sourceTree = "<group>"; };
		C145C3BF2985C31A000FC441 /* sinkShipUITests.xctest */ = {isa = PBXFileReference; explicitFileType = wrapper.cfbundle; includeInIndex = 0; path = sinkShipUITests.xctest; sourceTree = BUILT_PRODUCTS_DIR; };
		C145C3C32985C31A000FC441 /* sinkShipUITests.swift */ = {isa = PBXFileReference; lastKnownFileType = sourcecode.swift; path = sinkShipUITests.swift; sourceTree = "<group>"; };
		C145C3C52985C31A000FC441 /* sinkShipUITestsLaunchTests.swift */ = {isa = PBXFileReference; lastKnownFileType = sourcecode.swift; path = sinkShipUITestsLaunchTests.swift; sourceTree = "<group>"; };
		C179CEAF2988372C005E1EAC /* playComputer.swift */ = {isa = PBXFileReference; lastKnownFileType = sourcecode.swift; path = playComputer.swift; sourceTree = "<group>"; };
		C179CEB6298D5E25005E1EAC /* GoogleService-Info.plist */ = {isa = PBXFileReference; fileEncoding = 4; lastKnownFileType = text.plist.xml; path = "GoogleService-Info.plist"; sourceTree = "<group>"; };
		C179CEBA2992A642005E1EAC /* ListView.swift */ = {isa = PBXFileReference; lastKnownFileType = sourcecode.swift; path = ListView.swift; sourceTree = "<group>"; };
		C179CEBC2992A6A3005E1EAC /* Dog.swift */ = {isa = PBXFileReference; lastKnownFileType = sourcecode.swift; path = Dog.swift; sourceTree = "<group>"; };
		C179CEBE2992A78F005E1EAC /* DataManager.swift */ = {isa = PBXFileReference; lastKnownFileType = sourcecode.swift; path = DataManager.swift; sourceTree = "<group>"; };
		C179CEC02992CB41005E1EAC /* NewDogView.swift */ = {isa = PBXFileReference; lastKnownFileType = sourcecode.swift; path = NewDogView.swift; sourceTree = "<group>"; };
		C179CEC2299BC822005E1EAC /* Stats.swift */ = {isa = PBXFileReference; lastKnownFileType = sourcecode.swift; path = Stats.swift; sourceTree = "<group>"; };
		C179CEC429A292D3005E1EAC /* profile.swift */ = {isa = PBXFileReference; lastKnownFileType = sourcecode.swift; path = profile.swift; sourceTree = "<group>"; };
/* End PBXFileReference section */

/* Begin PBXFrameworksBuildPhase section */
		C145C3A22985C318000FC441 /* Frameworks */ = {
			isa = PBXFrameworksBuildPhase;
			buildActionMask = 2147483647;
			files = (
				C179CEB3298D566F005E1EAC /* FirebaseAuth in Frameworks */,
				C179CEB5298D566F005E1EAC /* FirebaseFirestore in Frameworks */,
			);
			runOnlyForDeploymentPostprocessing = 0;
		};
		C145C3B22985C31A000FC441 /* Frameworks */ = {
			isa = PBXFrameworksBuildPhase;
			buildActionMask = 2147483647;
			files = (
			);
			runOnlyForDeploymentPostprocessing = 0;
		};
		C145C3BC2985C31A000FC441 /* Frameworks */ = {
			isa = PBXFrameworksBuildPhase;
			buildActionMask = 2147483647;
			files = (
			);
			runOnlyForDeploymentPostprocessing = 0;
		};
/* End PBXFrameworksBuildPhase section */

/* Begin PBXGroup section */
		C145C39C2985C318000FC441 = {
			isa = PBXGroup;
			children = (
				C145C3A72985C318000FC441 /* sinkShip */,
				C145C3B82985C31A000FC441 /* sinkShipTests */,
				C145C3C22985C31A000FC441 /* sinkShipUITests */,
				C145C3A62985C318000FC441 /* Products */,
			);
			sourceTree = "<group>";
		};
		C145C3A62985C318000FC441 /* Products */ = {
			isa = PBXGroup;
			children = (
				C145C3A52985C318000FC441 /* sinkShip.app */,
				C145C3B52985C31A000FC441 /* sinkShipTests.xctest */,
				C145C3BF2985C31A000FC441 /* sinkShipUITests.xctest */,
			);
			name = Products;
			sourceTree = "<group>";
		};
		C145C3A72985C318000FC441 /* sinkShip */ = {
			isa = PBXGroup;
			children = (
				C145C3A82985C318000FC441 /* sinkShipApp.swift */,
				C145C3AA2985C318000FC441 /* ContentView.swift */,
				C145C3AC2985C31A000FC441 /* Assets.xcassets */,
				C179CEB6298D5E25005E1EAC /* GoogleService-Info.plist */,
				C145C3AE2985C31A000FC441 /* Preview Content */,
				C11EBB192986F9CB00C45AE8 /* menu.swift */,
				C179CEAF2988372C005E1EAC /* playComputer.swift */,
				C179CEBA2992A642005E1EAC /* ListView.swift */,
				C179CEBC2992A6A3005E1EAC /* Dog.swift */,
				C179CEBE2992A78F005E1EAC /* DataManager.swift */,
				C179CEC02992CB41005E1EAC /* NewDogView.swift */,
				C179CEC429A292D3005E1EAC /* profile.swift */,
			);
			path = sinkShip;
			sourceTree = "<group>";
		};
		C145C3AE2985C31A000FC441 /* Preview Content */ = {
			isa = PBXGroup;
			children = (
				C145C3AF2985C31A000FC441 /* Preview Assets.xcassets */,
				C179CEC2299BC822005E1EAC /* Stats.swift */,
			);
			path = "Preview Content";
			sourceTree = "<group>";
		};
		C145C3B82985C31A000FC441 /* sinkShipTests */ = {
			isa = PBXGroup;
			children = (
				C145C3B92985C31A000FC441 /* sinkShipTests.swift */,
			);
			path = sinkShipTests;
			sourceTree = "<group>";
		};
		C145C3C22985C31A000FC441 /* sinkShipUITests */ = {
			isa = PBXGroup;
			children = (
				C145C3C32985C31A000FC441 /* sinkShipUITests.swift */,
				C145C3C52985C31A000FC441 /* sinkShipUITestsLaunchTests.swift */,
			);
			path = sinkShipUITests;
			sourceTree = "<group>";
		};
/* End PBXGroup section */

/* Begin PBXNativeTarget section */
		C145C3A42985C318000FC441 /* sinkShip */ = {
			isa = PBXNativeTarget;
			buildConfigurationList = C145C3C92985C31A000FC441 /* Build configuration list for PBXNativeTarget "sinkShip" */;
			buildPhases = (
				C145C3A12985C318000FC441 /* Sources */,
				C145C3A22985C318000FC441 /* Frameworks */,
				C145C3A32985C318000FC441 /* Resources */,
			);
			buildRules = (
			);
			dependencies = (
			);
			name = sinkShip;
			packageProductDependencies = (
				C179CEB2298D566F005E1EAC /* FirebaseAuth */,
				C179CEB4298D566F005E1EAC /* FirebaseFirestore */,
			);
			productName = sinkShip;
			productReference = C145C3A52985C318000FC441 /* sinkShip.app */;
			productType = "com.apple.product-type.application";
		};
		C145C3B42985C31A000FC441 /* sinkShipTests */ = {
			isa = PBXNativeTarget;
			buildConfigurationList = C145C3CC2985C31A000FC441 /* Build configuration list for PBXNativeTarget "sinkShipTests" */;
			buildPhases = (
				C145C3B12985C31A000FC441 /* Sources */,
				C145C3B22985C31A000FC441 /* Frameworks */,
				C145C3B32985C31A000FC441 /* Resources */,
			);
			buildRules = (
			);
			dependencies = (
				C145C3B72985C31A000FC441 /* PBXTargetDependency */,
			);
			name = sinkShipTests;
			productName = sinkShipTests;
			productReference = C145C3B52985C31A000FC441 /* sinkShipTests.xctest */;
			productType = "com.apple.product-type.bundle.unit-test";
		};
		C145C3BE2985C31A000FC441 /* sinkShipUITests */ = {
			isa = PBXNativeTarget;
			buildConfigurationList = C145C3CF2985C31A000FC441 /* Build configuration list for PBXNativeTarget "sinkShipUITests" */;
			buildPhases = (
				C145C3BB2985C31A000FC441 /* Sources */,
				C145C3BC2985C31A000FC441 /* Frameworks */,
				C145C3BD2985C31A000FC441 /* Resources */,
			);
			buildRules = (
			);
			dependencies = (
				C145C3C12985C31A000FC441 /* PBXTargetDependency */,
			);
			name = sinkShipUITests;
			productName = sinkShipUITests;
			productReference = C145C3BF2985C31A000FC441 /* sinkShipUITests.xctest */;
			productType = "com.apple.product-type.bundle.ui-testing";
		};
/* End PBXNativeTarget section */

/* Begin PBXProject section */
		C145C39D2985C318000FC441 /* Project object */ = {
			isa = PBXProject;
			attributes = {
				BuildIndependentTargetsInParallel = 1;
				LastSwiftUpdateCheck = 1410;
				LastUpgradeCheck = 1410;
				TargetAttributes = {
					C145C3A42985C318000FC441 = {
						CreatedOnToolsVersion = 14.1;
					};
					C145C3B42985C31A000FC441 = {
						CreatedOnToolsVersion = 14.1;
						TestTargetID = C145C3A42985C318000FC441;
					};
					C145C3BE2985C31A000FC441 = {
						CreatedOnToolsVersion = 14.1;
						TestTargetID = C145C3A42985C318000FC441;
					};
				};
			};
			buildConfigurationList = C145C3A02985C318000FC441 /* Build configuration list for PBXProject "sinkShip" */;
			compatibilityVersion = "Xcode 14.0";
			developmentRegion = en;
			hasScannedForEncodings = 0;
			knownRegions = (
				en,
				Base,
			);
			mainGroup = C145C39C2985C318000FC441;
			packageReferences = (
				C179CEB1298D566F005E1EAC /* XCRemoteSwiftPackageReference "firebase-ios-sdk" */,
			);
			productRefGroup = C145C3A62985C318000FC441 /* Products */;
			projectDirPath = "";
			projectRoot = "";
			targets = (
				C145C3A42985C318000FC441 /* sinkShip */,
				C145C3B42985C31A000FC441 /* sinkShipTests */,
				C145C3BE2985C31A000FC441 /* sinkShipUITests */,
			);
		};
/* End PBXProject section */

/* Begin PBXResourcesBuildPhase section */
		C145C3A32985C318000FC441 /* Resources */ = {
			isa = PBXResourcesBuildPhase;
			buildActionMask = 2147483647;
			files = (
				C145C3B02985C31A000FC441 /* Preview Assets.xcassets in Resources */,
				C145C3AD2985C31A000FC441 /* Assets.xcassets in Resources */,
				C179CEB7298D5E26005E1EAC /* GoogleService-Info.plist in Resources */,
			);
			runOnlyForDeploymentPostprocessing = 0;
		};
		C145C3B32985C31A000FC441 /* Resources */ = {
			isa = PBXResourcesBuildPhase;
			buildActionMask = 2147483647;
			files = (
			);
			runOnlyForDeploymentPostprocessing = 0;
		};
		C145C3BD2985C31A000FC441 /* Resources */ = {
			isa = PBXResourcesBuildPhase;
			buildActionMask = 2147483647;
			files = (
			);
			runOnlyForDeploymentPostprocessing = 0;
		};
/* End PBXResourcesBuildPhase section */

/* Begin PBXSourcesBuildPhase section */
		C145C3A12985C318000FC441 /* Sources */ = {
			isa = PBXSourcesBuildPhase;
			buildActionMask = 2147483647;
			files = (
				C145C3AB2985C318000FC441 /* ContentView.swift in Sources */,
				C179CEC3299BC822005E1EAC /* Stats.swift in Sources */,
				C11EBB1A2986F9CB00C45AE8 /* menu.swift in Sources */,
				C179CEC529A292D3005E1EAC /* profile.swift in Sources */,
				C179CEC12992CB42005E1EAC /* NewDogView.swift in Sources */,
				C179CEBD2992A6A3005E1EAC /* Dog.swift in Sources */,
				C179CEBF2992A78F005E1EAC /* DataManager.swift in Sources */,
				C179CEBB2992A642005E1EAC /* ListView.swift in Sources */,
				C179CEB02988372C005E1EAC /* playComputer.swift in Sources */,
				C145C3A92985C318000FC441 /* sinkShipApp.swift in Sources */,
			);
			runOnlyForDeploymentPostprocessing = 0;
		};
		C145C3B12985C31A000FC441 /* Sources */ = {
			isa = PBXSourcesBuildPhase;
			buildActionMask = 2147483647;
			files = (
				C145C3BA2985C31A000FC441 /* sinkShipTests.swift in Sources */,
			);
			runOnlyForDeploymentPostprocessing = 0;
		};
		C145C3BB2985C31A000FC441 /* Sources */ = {
			isa = PBXSourcesBuildPhase;
			buildActionMask = 2147483647;
			files = (
				C145C3C62985C31A000FC441 /* sinkShipUITestsLaunchTests.swift in Sources */,
				C145C3C42985C31A000FC441 /* sinkShipUITests.swift in Sources */,
			);
			runOnlyForDeploymentPostprocessing = 0;
		};
/* End PBXSourcesBuildPhase section */

/* Begin PBXTargetDependency section */
		C145C3B72985C31A000FC441 /* PBXTargetDependency */ = {
			isa = PBXTargetDependency;
			target = C145C3A42985C318000FC441 /* sinkShip */;
			targetProxy = C145C3B62985C31A000FC441 /* PBXContainerItemProxy */;
		};
		C145C3C12985C31A000FC441 /* PBXTargetDependency */ = {
			isa = PBXTargetDependency;
			target = C145C3A42985C318000FC441 /* sinkShip */;
			targetProxy = C145C3C02985C31A000FC441 /* PBXContainerItemProxy */;
		};
/* End PBXTargetDependency section */

/* Begin XCBuildConfiguration section */
		C145C3C72985C31A000FC441 /* Debug */ = {
			isa = XCBuildConfiguration;
			buildSettings = {
				ALWAYS_SEARCH_USER_PATHS = NO;
				CLANG_ANALYZER_NONNULL = YES;
				CLANG_ANALYZER_NUMBER_OBJECT_CONVERSION = YES_AGGRESSIVE;
				CLANG_CXX_LANGUAGE_STANDARD = "gnu++20";
				CLANG_ENABLE_MODULES = YES;
				CLANG_ENABLE_OBJC_ARC = YES;
				CLANG_ENABLE_OBJC_WEAK = YES;
				CLANG_WARN_BLOCK_CAPTURE_AUTORELEASING = YES;
				CLANG_WARN_BOOL_CONVERSION = YES;
				CLANG_WARN_COMMA = YES;
				CLANG_WARN_CONSTANT_CONVERSION = YES;
				CLANG_WARN_DEPRECATED_OBJC_IMPLEMENTATIONS = YES;
				CLANG_WARN_DIRECT_OBJC_ISA_USAGE = YES_ERROR;
				CLANG_WARN_DOCUMENTATION_COMMENTS = YES;
				CLANG_WARN_EMPTY_BODY = YES;
				CLANG_WARN_ENUM_CONVERSION = YES;
				CLANG_WARN_INFINITE_RECURSION = YES;
				CLANG_WARN_INT_CONVERSION = YES;
				CLANG_WARN_NON_LITERAL_NULL_CONVERSION = YES;
				CLANG_WARN_OBJC_IMPLICIT_RETAIN_SELF = YES;
				CLANG_WARN_OBJC_LITERAL_CONVERSION = YES;
				CLANG_WARN_OBJC_ROOT_CLASS = YES_ERROR;
				CLANG_WARN_QUOTED_INCLUDE_IN_FRAMEWORK_HEADER = YES;
				CLANG_WARN_RANGE_LOOP_ANALYSIS = YES;
				CLANG_WARN_STRICT_PROTOTYPES = YES;
				CLANG_WARN_SUSPICIOUS_MOVE = YES;
				CLANG_WARN_UNGUARDED_AVAILABILITY = YES_AGGRESSIVE;
				CLANG_WARN_UNREACHABLE_CODE = YES;
				CLANG_WARN__DUPLICATE_METHOD_MATCH = YES;
				COPY_PHASE_STRIP = NO;
				DEBUG_INFORMATION_FORMAT = dwarf;
				ENABLE_STRICT_OBJC_MSGSEND = YES;
				ENABLE_TESTABILITY = YES;
				GCC_C_LANGUAGE_STANDARD = gnu11;
				GCC_DYNAMIC_NO_PIC = NO;
				GCC_NO_COMMON_BLOCKS = YES;
				GCC_OPTIMIZATION_LEVEL = 0;
				GCC_PREPROCESSOR_DEFINITIONS = (
					"DEBUG=1",
					"$(inherited)",
				);
				GCC_WARN_64_TO_32_BIT_CONVERSION = YES;
				GCC_WARN_ABOUT_RETURN_TYPE = YES_ERROR;
				GCC_WARN_UNDECLARED_SELECTOR = YES;
				GCC_WARN_UNINITIALIZED_AUTOS = YES_AGGRESSIVE;
				GCC_WARN_UNUSED_FUNCTION = YES;
				GCC_WARN_UNUSED_VARIABLE = YES;
				IPHONEOS_DEPLOYMENT_TARGET = 16.1;
				MTL_ENABLE_DEBUG_INFO = INCLUDE_SOURCE;
				MTL_FAST_MATH = YES;
				ONLY_ACTIVE_ARCH = YES;
				SDKROOT = iphoneos;
				SWIFT_ACTIVE_COMPILATION_CONDITIONS = DEBUG;
				SWIFT_OPTIMIZATION_LEVEL = "-Onone";
			};
			name = Debug;
		};
		C145C3C82985C31A000FC441 /* Release */ = {
			isa = XCBuildConfiguration;
			buildSettings = {
				ALWAYS_SEARCH_USER_PATHS = NO;
				CLANG_ANALYZER_NONNULL = YES;
				CLANG_ANALYZER_NUMBER_OBJECT_CONVERSION = YES_AGGRESSIVE;
				CLANG_CXX_LANGUAGE_STANDARD = "gnu++20";
				CLANG_ENABLE_MODULES = YES;
				CLANG_ENABLE_OBJC_ARC = YES;
				CLANG_ENABLE_OBJC_WEAK = YES;
				CLANG_WARN_BLOCK_CAPTURE_AUTORELEASING = YES;
				CLANG_WARN_BOOL_CONVERSION = YES;
				CLANG_WARN_COMMA = YES;
				CLANG_WARN_CONSTANT_CONVERSION = YES;
				CLANG_WARN_DEPRECATED_OBJC_IMPLEMENTATIONS = YES;
				CLANG_WARN_DIRECT_OBJC_ISA_USAGE = YES_ERROR;
				CLANG_WARN_DOCUMENTATION_COMMENTS = YES;
				CLANG_WARN_EMPTY_BODY = YES;
				CLANG_WARN_ENUM_CONVERSION = YES;
				CLANG_WARN_INFINITE_RECURSION = YES;
				CLANG_WARN_INT_CONVERSION = YES;
				CLANG_WARN_NON_LITERAL_NULL_CONVERSION = YES;
				CLANG_WARN_OBJC_IMPLICIT_RETAIN_SELF = YES;
				CLANG_WARN_OBJC_LITERAL_CONVERSION = YES;
				CLANG_WARN_OBJC_ROOT_CLASS = YES_ERROR;
				CLANG_WARN_QUOTED_INCLUDE_IN_FRAMEWORK_HEADER = YES;
				CLANG_WARN_RANGE_LOOP_ANALYSIS = YES;
				CLANG_WARN_STRICT_PROTOTYPES = YES;
				CLANG_WARN_SUSPICIOUS_MOVE = YES;
				CLANG_WARN_UNGUARDED_AVAILABILITY = YES_AGGRESSIVE;
				CLANG_WARN_UNREACHABLE_CODE = YES;
				CLANG_WARN__DUPLICATE_METHOD_MATCH = YES;
				COPY_PHASE_STRIP = NO;
				DEBUG_INFORMATION_FORMAT = "dwarf-with-dsym";
				ENABLE_NS_ASSERTIONS = NO;
				ENABLE_STRICT_OBJC_MSGSEND = YES;
				GCC_C_LANGUAGE_STANDARD = gnu11;
				GCC_NO_COMMON_BLOCKS = YES;
				GCC_WARN_64_TO_32_BIT_CONVERSION = YES;
				GCC_WARN_ABOUT_RETURN_TYPE = YES_ERROR;
				GCC_WARN_UNDECLARED_SELECTOR = YES;
				GCC_WARN_UNINITIALIZED_AUTOS = YES_AGGRESSIVE;
				GCC_WARN_UNUSED_FUNCTION = YES;
				GCC_WARN_UNUSED_VARIABLE = YES;
				IPHONEOS_DEPLOYMENT_TARGET = 16.1;
				MTL_ENABLE_DEBUG_INFO = NO;
				MTL_FAST_MATH = YES;
				SDKROOT = iphoneos;
				SWIFT_COMPILATION_MODE = wholemodule;
				SWIFT_OPTIMIZATION_LEVEL = "-O";
				VALIDATE_PRODUCT = YES;
			};
			name = Release;
		};
		C145C3CA2985C31A000FC441 /* Debug */ = {
			isa = XCBuildConfiguration;
			buildSettings = {
				ASSETCATALOG_COMPILER_APPICON_NAME = AppIcon;
				ASSETCATALOG_COMPILER_GLOBAL_ACCENT_COLOR_NAME = AccentColor;
				CODE_SIGN_STYLE = Automatic;
				CURRENT_PROJECT_VERSION = 1;
				DEVELOPMENT_ASSET_PATHS = "\"sinkShip/Preview Content\"";
				DEVELOPMENT_TEAM = K8S3466P3R;
				ENABLE_PREVIEWS = YES;
				GENERATE_INFOPLIST_FILE = YES;
				INFOPLIST_KEY_UIApplicationSceneManifest_Generation = YES;
				INFOPLIST_KEY_UIApplicationSupportsIndirectInputEvents = YES;
				INFOPLIST_KEY_UILaunchScreen_Generation = YES;
				INFOPLIST_KEY_UISupportedInterfaceOrientations_iPad = "UIInterfaceOrientationPortrait UIInterfaceOrientationPortraitUpsideDown UIInterfaceOrientationLandscapeLeft UIInterfaceOrientationLandscapeRight";
				INFOPLIST_KEY_UISupportedInterfaceOrientations_iPhone = "UIInterfaceOrientationPortrait UIInterfaceOrientationLandscapeLeft UIInterfaceOrientationLandscapeRight";
				LD_RUNPATH_SEARCH_PATHS = (
					"$(inherited)",
					"@executable_path/Frameworks",
				);
				MARKETING_VERSION = 1.0;
				PRODUCT_BUNDLE_IDENTIFIER = com.example.sinkShip;
				PRODUCT_NAME = "$(TARGET_NAME)";
				SWIFT_EMIT_LOC_STRINGS = YES;
				SWIFT_VERSION = 5.0;
				TARGETED_DEVICE_FAMILY = "1,2";
			};
			name = Debug;
		};
		C145C3CB2985C31A000FC441 /* Release */ = {
			isa = XCBuildConfiguration;
			buildSettings = {
				ASSETCATALOG_COMPILER_APPICON_NAME = AppIcon;
				ASSETCATALOG_COMPILER_GLOBAL_ACCENT_COLOR_NAME = AccentColor;
				CODE_SIGN_STYLE = Automatic;
				CURRENT_PROJECT_VERSION = 1;
				DEVELOPMENT_ASSET_PATHS = "\"sinkShip/Preview Content\"";
				DEVELOPMENT_TEAM = K8S3466P3R;
				ENABLE_PREVIEWS = YES;
				GENERATE_INFOPLIST_FILE = YES;
				INFOPLIST_KEY_UIApplicationSceneManifest_Generation = YES;
				INFOPLIST_KEY_UIApplicationSupportsIndirectInputEvents = YES;
				INFOPLIST_KEY_UILaunchScreen_Generation = YES;
				INFOPLIST_KEY_UISupportedInterfaceOrientations_iPad = "UIInterfaceOrientationPortrait UIInterfaceOrientationPortraitUpsideDown UIInterfaceOrientationLandscapeLeft UIInterfaceOrientationLandscapeRight";
				INFOPLIST_KEY_UISupportedInterfaceOrientations_iPhone = "UIInterfaceOrientationPortrait UIInterfaceOrientationLandscapeLeft UIInterfaceOrientationLandscapeRight";
				LD_RUNPATH_SEARCH_PATHS = (
					"$(inherited)",
					"@executable_path/Frameworks",
				);
				MARKETING_VERSION = 1.0;
				PRODUCT_BUNDLE_IDENTIFIER = com.example.sinkShip;
				PRODUCT_NAME = "$(TARGET_NAME)";
				SWIFT_EMIT_LOC_STRINGS = YES;
				SWIFT_VERSION = 5.0;
				TARGETED_DEVICE_FAMILY = "1,2";
			};
			name = Release;
		};
		C145C3CD2985C31A000FC441 /* Debug */ = {
			isa = XCBuildConfiguration;
			buildSettings = {
				ALWAYS_EMBED_SWIFT_STANDARD_LIBRARIES = YES;
				BUNDLE_LOADER = "$(TEST_HOST)";
				CODE_SIGN_STYLE = Automatic;
				CURRENT_PROJECT_VERSION = 1;
				DEVELOPMENT_TEAM = K8S3466P3R;
				GENERATE_INFOPLIST_FILE = YES;
				IPHONEOS_DEPLOYMENT_TARGET = 16.1;
				MARKETING_VERSION = 1.0;
				PRODUCT_BUNDLE_IDENTIFIER = com.example.sinkShipTests;
				PRODUCT_NAME = "$(TARGET_NAME)";
				SWIFT_EMIT_LOC_STRINGS = NO;
				SWIFT_VERSION = 5.0;
				TARGETED_DEVICE_FAMILY = "1,2";
				TEST_HOST = "$(BUILT_PRODUCTS_DIR)/sinkShip.app/$(BUNDLE_EXECUTABLE_FOLDER_PATH)/sinkShip";
			};
			name = Debug;
		};
		C145C3CE2985C31A000FC441 /* Release */ = {
			isa = XCBuildConfiguration;
			buildSettings = {
				ALWAYS_EMBED_SWIFT_STANDARD_LIBRARIES = YES;
				BUNDLE_LOADER = "$(TEST_HOST)";
				CODE_SIGN_STYLE = Automatic;
				CURRENT_PROJECT_VERSION = 1;
				DEVELOPMENT_TEAM = K8S3466P3R;
				GENERATE_INFOPLIST_FILE = YES;
				IPHONEOS_DEPLOYMENT_TARGET = 16.1;
				MARKETING_VERSION = 1.0;
				PRODUCT_BUNDLE_IDENTIFIER = com.example.sinkShipTests;
				PRODUCT_NAME = "$(TARGET_NAME)";
				SWIFT_EMIT_LOC_STRINGS = NO;
				SWIFT_VERSION = 5.0;
				TARGETED_DEVICE_FAMILY = "1,2";
				TEST_HOST = "$(BUILT_PRODUCTS_DIR)/sinkShip.app/$(BUNDLE_EXECUTABLE_FOLDER_PATH)/sinkShip";
			};
			name = Release;
		};
		C145C3D02985C31A000FC441 /* Debug */ = {
			isa = XCBuildConfiguration;
			buildSettings = {
				ALWAYS_EMBED_SWIFT_STANDARD_LIBRARIES = YES;
				CODE_SIGN_STYLE = Automatic;
				CURRENT_PROJECT_VERSION = 1;
				DEVELOPMENT_TEAM = K8S3466P3R;
				GENERATE_INFOPLIST_FILE = YES;
				MARKETING_VERSION = 1.0;
				PRODUCT_BUNDLE_IDENTIFIER = com.example.sinkShipUITests;
				PRODUCT_NAME = "$(TARGET_NAME)";
				SWIFT_EMIT_LOC_STRINGS = NO;
				SWIFT_VERSION = 5.0;
				TARGETED_DEVICE_FAMILY = "1,2";
				TEST_TARGET_NAME = sinkShip;
			};
			name = Debug;
		};
		C145C3D12985C31A000FC441 /* Release */ = {
			isa = XCBuildConfiguration;
			buildSettings = {
				ALWAYS_EMBED_SWIFT_STANDARD_LIBRARIES = YES;
				CODE_SIGN_STYLE = Automatic;
				CURRENT_PROJECT_VERSION = 1;
				DEVELOPMENT_TEAM = K8S3466P3R;
				GENERATE_INFOPLIST_FILE = YES;
				MARKETING_VERSION = 1.0;
				PRODUCT_BUNDLE_IDENTIFIER = com.example.sinkShipUITests;
				PRODUCT_NAME = "$(TARGET_NAME)";
				SWIFT_EMIT_LOC_STRINGS = NO;
				SWIFT_VERSION = 5.0;
				TARGETED_DEVICE_FAMILY = "1,2";
				TEST_TARGET_NAME = sinkShip;
			};
			name = Release;
		};
/* End XCBuildConfiguration section */

/* Begin XCConfigurationList section */
		C145C3A02985C318000FC441 /* Build configuration list for PBXProject "sinkShip" */ = {
			isa = XCConfigurationList;
			buildConfigurations = (
				C145C3C72985C31A000FC441 /* Debug */,
				C145C3C82985C31A000FC441 /* Release */,
			);
			defaultConfigurationIsVisible = 0;
			defaultConfigurationName = Release;
		};
		C145C3C92985C31A000FC441 /* Build configuration list for PBXNativeTarget "sinkShip" */ = {
			isa = XCConfigurationList;
			buildConfigurations = (
				C145C3CA2985C31A000FC441 /* Debug */,
				C145C3CB2985C31A000FC441 /* Release */,
			);
			defaultConfigurationIsVisible = 0;
			defaultConfigurationName = Release;
		};
		C145C3CC2985C31A000FC441 /* Build configuration list for PBXNativeTarget "sinkShipTests" */ = {
			isa = XCConfigurationList;
			buildConfigurations = (
				C145C3CD2985C31A000FC441 /* Debug */,
				C145C3CE2985C31A000FC441 /* Release */,
			);
			defaultConfigurationIsVisible = 0;
			defaultConfigurationName = Release;
		};
		C145C3CF2985C31A000FC441 /* Build configuration list for PBXNativeTarget "sinkShipUITests" */ = {
			isa = XCConfigurationList;
			buildConfigurations = (
				C145C3D02985C31A000FC441 /* Debug */,
				C145C3D12985C31A000FC441 /* Release */,
			);
			defaultConfigurationIsVisible = 0;
			defaultConfigurationName = Release;
		};
/* End XCConfigurationList section */

/* Begin XCRemoteSwiftPackageReference section */
		C179CEB1298D566F005E1EAC /* XCRemoteSwiftPackageReference "firebase-ios-sdk" */ = {
			isa = XCRemoteSwiftPackageReference;
			repositoryURL = "https://github.com/firebase/firebase-ios-sdk.git";
			requirement = {
				kind = upToNextMajorVersion;
				minimumVersion = 9.0.0;
			};
		};
/* End XCRemoteSwiftPackageReference section */

/* Begin XCSwiftPackageProductDependency section */
		C179CEB2298D566F005E1EAC /* FirebaseAuth */ = {
			isa = XCSwiftPackageProductDependency;
			package = C179CEB1298D566F005E1EAC /* XCRemoteSwiftPackageReference "firebase-ios-sdk" */;
			productName = FirebaseAuth;
		};
		C179CEB4298D566F005E1EAC /* FirebaseFirestore */ = {
			isa = XCSwiftPackageProductDependency;
			package = C179CEB1298D566F005E1EAC /* XCRemoteSwiftPackageReference "firebase-ios-sdk" */;
			productName = FirebaseFirestore;
		};
/* End XCSwiftPackageProductDependency section */
	};
	rootObject = C145C39D2985C318000FC441 /* Project object */;
}
